
Microsoft Visual Studio Solution File, Format Version 12.00
Project("{2150E333-8FDC-42A3-9474-1A3956D46DE8}") = "Server", "Server", "{11AC837B-2C88-4D2C-A2B4-B99C031085CF}"
EndProject
Project("{FAE04EC0-301F-11D3-BF4B-00C04F79EFBC}") = "Entities", "Server\Entities\Entities.csproj", "{B340B185-FB49-4C30-888E-29EB7DBB68B1}"
EndProject
Project("{FAE04EC0-301F-11D3-BF4B-00C04F79EFBC}") = "RepositoryContracts", "Server\RepositoryContracts\RepositoryContracts.csproj", "{44CA9B6B-DB26-4C4A-972A-867856811DA4}"
EndProject
Project("{FAE04EC0-301F-11D3-BF4B-00C04F79EFBC}") = "InMemoryRepositories", "Server\InMemoryRepositories\InMemoryRepositories.csproj", "{DD67488A-E4C9-453F-B692-06EBB82B519C}"
EndProject
Project("{FAE04EC0-301F-11D3-BF4B-00C04F79EFBC}") = "CLI", "Server\CLI\CLI.csproj", "{14162F37-6215-4DED-86B2-D5235A548378}"
EndProject
Project("{FAE04EC0-301F-11D3-BF4B-00C04F79EFBC}") = "FileRepositories", "Server\FileRepositories\FileRepositories.csproj", "{90259460-1FFE-47BB-95D1-DEBBF7DC3559}"
EndProject
Project("{2150E333-8FDC-42A3-9474-1A3956D46DE8}") = "Shared", "Shared", "{D424F0B8-66C3-443B-9CD6-589317A64124}"
EndProject
Project("{FAE04EC0-301F-11D3-BF4B-00C04F79EFBC}") = "ApiContracts", "Shared\ApiContracts\ApiContracts.csproj", "{AAF2C3AD-2105-47C4-B617-F28798CE32E0}"
EndProject
Project("{FAE04EC0-301F-11D3-BF4B-00C04F79EFBC}") = "WebAPI", "Server\WebAPI\WebAPI.csproj", "{4D48A18D-3BBB-4F8E-9702-433E72BEAAA7}"
EndProject
Project("{2150E333-8FDC-42A3-9474-1A3956D46DE8}") = "Client", "Client", "{7B530211-BECA-4388-B478-8515333C2330}"
EndProject
Project("{FAE04EC0-301F-11D3-BF4B-00C04F79EFBC}") = "BlazorApp", "Clent\BlazorApp\BlazorApp\BlazorApp.csproj", "{0F4F814C-A3B3-498B-8E22-A7638E82D06E}"
EndProject
Project("{FAE04EC0-301F-11D3-BF4B-00C04F79EFBC}") = "BlazorApp.Client", "Clent\BlazorApp\BlazorApp.Client\BlazorApp.Client.csproj", "{5530F85D-3AFA-4B6B-9924-F0E5B9028B1A}"
EndProject
Project("{FAE04EC0-301F-11D3-BF4B-00C04F79EFBC}") = "EfcRepositories", "Server\EfcRepositories\EfcRepositories.csproj", "{6D744DE0-329D-471E-93C4-30E113E5ECA2}"
EndProject
Global
	GlobalSection(SolutionConfigurationPlatforms) = preSolution
		Debug|Any CPU = Debug|Any CPU
		Debug|x64 = Debug|x64
		Debug|x86 = Debug|x86
		Release|Any CPU = Release|Any CPU
		Release|x64 = Release|x64
		Release|x86 = Release|x86
	EndGlobalSection
	GlobalSection(ProjectConfigurationPlatforms) = postSolution
		{B340B185-FB49-4C30-888E-29EB7DBB68B1}.Debug|Any CPU.ActiveCfg = Debug|Any CPU
		{B340B185-FB49-4C30-888E-29EB7DBB68B1}.Debug|Any CPU.Build.0 = Debug|Any CPU
		{B340B185-FB49-4C30-888E-29EB7DBB68B1}.Debug|x64.ActiveCfg = Debug|Any CPU
		{B340B185-FB49-4C30-888E-29EB7DBB68B1}.Debug|x64.Build.0 = Debug|Any CPU
		{B340B185-FB49-4C30-888E-29EB7DBB68B1}.Debug|x86.ActiveCfg = Debug|Any CPU
		{B340B185-FB49-4C30-888E-29EB7DBB68B1}.Debug|x86.Build.0 = Debug|Any CPU
		{B340B185-FB49-4C30-888E-29EB7DBB68B1}.Release|Any CPU.ActiveCfg = Release|Any CPU
		{B340B185-FB49-4C30-888E-29EB7DBB68B1}.Release|Any CPU.Build.0 = Release|Any CPU
		{B340B185-FB49-4C30-888E-29EB7DBB68B1}.Release|x64.ActiveCfg = Release|Any CPU
		{B340B185-FB49-4C30-888E-29EB7DBB68B1}.Release|x64.Build.0 = Release|Any CPU
		{B340B185-FB49-4C30-888E-29EB7DBB68B1}.Release|x86.ActiveCfg = Release|Any CPU
		{B340B185-FB49-4C30-888E-29EB7DBB68B1}.Release|x86.Build.0 = Release|Any CPU
		{44CA9B6B-DB26-4C4A-972A-867856811DA4}.Debug|Any CPU.ActiveCfg = Debug|Any CPU
		{44CA9B6B-DB26-4C4A-972A-867856811DA4}.Debug|Any CPU.Build.0 = Debug|Any CPU
		{44CA9B6B-DB26-4C4A-972A-867856811DA4}.Debug|x64.ActiveCfg = Debug|Any CPU
		{44CA9B6B-DB26-4C4A-972A-867856811DA4}.Debug|x64.Build.0 = Debug|Any CPU
		{44CA9B6B-DB26-4C4A-972A-867856811DA4}.Debug|x86.ActiveCfg = Debug|Any CPU
		{44CA9B6B-DB26-4C4A-972A-867856811DA4}.Debug|x86.Build.0 = Debug|Any CPU
		{44CA9B6B-DB26-4C4A-972A-867856811DA4}.Release|Any CPU.ActiveCfg = Release|Any CPU
		{44CA9B6B-DB26-4C4A-972A-867856811DA4}.Release|Any CPU.Build.0 = Release|Any CPU
		{44CA9B6B-DB26-4C4A-972A-867856811DA4}.Release|x64.ActiveCfg = Release|Any CPU
		{44CA9B6B-DB26-4C4A-972A-867856811DA4}.Release|x64.Build.0 = Release|Any CPU
		{44CA9B6B-DB26-4C4A-972A-867856811DA4}.Release|x86.ActiveCfg = Release|Any CPU
		{44CA9B6B-DB26-4C4A-972A-867856811DA4}.Release|x86.Build.0 = Release|Any CPU
		{DD67488A-E4C9-453F-B692-06EBB82B519C}.Debug|Any CPU.ActiveCfg = Debug|Any CPU
		{DD67488A-E4C9-453F-B692-06EBB82B519C}.Debug|Any CPU.Build.0 = Debug|Any CPU
		{DD67488A-E4C9-453F-B692-06EBB82B519C}.Debug|x64.ActiveCfg = Debug|Any CPU
		{DD67488A-E4C9-453F-B692-06EBB82B519C}.Debug|x64.Build.0 = Debug|Any CPU
		{DD67488A-E4C9-453F-B692-06EBB82B519C}.Debug|x86.ActiveCfg = Debug|Any CPU
		{DD67488A-E4C9-453F-B692-06EBB82B519C}.Debug|x86.Build.0 = Debug|Any CPU
		{DD67488A-E4C9-453F-B692-06EBB82B519C}.Release|Any CPU.ActiveCfg = Release|Any CPU
		{DD67488A-E4C9-453F-B692-06EBB82B519C}.Release|Any CPU.Build.0 = Release|Any CPU
		{DD67488A-E4C9-453F-B692-06EBB82B519C}.Release|x64.ActiveCfg = Release|Any CPU
		{DD67488A-E4C9-453F-B692-06EBB82B519C}.Release|x64.Build.0 = Release|Any CPU
		{DD67488A-E4C9-453F-B692-06EBB82B519C}.Release|x86.ActiveCfg = Release|Any CPU
		{DD67488A-E4C9-453F-B692-06EBB82B519C}.Release|x86.Build.0 = Release|Any CPU
		{14162F37-6215-4DED-86B2-D5235A548378}.Debug|Any CPU.ActiveCfg = Debug|Any CPU
		{14162F37-6215-4DED-86B2-D5235A548378}.Debug|Any CPU.Build.0 = Debug|Any CPU
		{14162F37-6215-4DED-86B2-D5235A548378}.Debug|x64.ActiveCfg = Debug|Any CPU
		{14162F37-6215-4DED-86B2-D5235A548378}.Debug|x64.Build.0 = Debug|Any CPU
		{14162F37-6215-4DED-86B2-D5235A548378}.Debug|x86.ActiveCfg = Debug|Any CPU
		{14162F37-6215-4DED-86B2-D5235A548378}.Debug|x86.Build.0 = Debug|Any CPU
		{14162F37-6215-4DED-86B2-D5235A548378}.Release|Any CPU.ActiveCfg = Release|Any CPU
		{14162F37-6215-4DED-86B2-D5235A548378}.Release|Any CPU.Build.0 = Release|Any CPU
		{14162F37-6215-4DED-86B2-D5235A548378}.Release|x64.ActiveCfg = Release|Any CPU
		{14162F37-6215-4DED-86B2-D5235A548378}.Release|x64.Build.0 = Release|Any CPU
		{14162F37-6215-4DED-86B2-D5235A548378}.Release|x86.ActiveCfg = Release|Any CPU
		{14162F37-6215-4DED-86B2-D5235A548378}.Release|x86.Build.0 = Release|Any CPU
		{90259460-1FFE-47BB-95D1-DEBBF7DC3559}.Debug|Any CPU.ActiveCfg = Debug|Any CPU
		{90259460-1FFE-47BB-95D1-DEBBF7DC3559}.Debug|Any CPU.Build.0 = Debug|Any CPU
		{90259460-1FFE-47BB-95D1-DEBBF7DC3559}.Debug|x64.ActiveCfg = Debug|Any CPU
		{90259460-1FFE-47BB-95D1-DEBBF7DC3559}.Debug|x64.Build.0 = Debug|Any CPU
		{90259460-1FFE-47BB-95D1-DEBBF7DC3559}.Debug|x86.ActiveCfg = Debug|Any CPU
		{90259460-1FFE-47BB-95D1-DEBBF7DC3559}.Debug|x86.Build.0 = Debug|Any CPU
		{90259460-1FFE-47BB-95D1-DEBBF7DC3559}.Release|Any CPU.ActiveCfg = Release|Any CPU
		{90259460-1FFE-47BB-95D1-DEBBF7DC3559}.Release|Any CPU.Build.0 = Release|Any CPU
		{90259460-1FFE-47BB-95D1-DEBBF7DC3559}.Release|x64.ActiveCfg = Release|Any CPU
		{90259460-1FFE-47BB-95D1-DEBBF7DC3559}.Release|x64.Build.0 = Release|Any CPU
		{90259460-1FFE-47BB-95D1-DEBBF7DC3559}.Release|x86.ActiveCfg = Release|Any CPU
		{90259460-1FFE-47BB-95D1-DEBBF7DC3559}.Release|x86.Build.0 = Release|Any CPU
		{AAF2C3AD-2105-47C4-B617-F28798CE32E0}.Debug|Any CPU.ActiveCfg = Debug|Any CPU
		{AAF2C3AD-2105-47C4-B617-F28798CE32E0}.Debug|Any CPU.Build.0 = Debug|Any CPU
		{AAF2C3AD-2105-47C4-B617-F28798CE32E0}.Debug|x64.ActiveCfg = Debug|Any CPU
		{AAF2C3AD-2105-47C4-B617-F28798CE32E0}.Debug|x64.Build.0 = Debug|Any CPU
		{AAF2C3AD-2105-47C4-B617-F28798CE32E0}.Debug|x86.ActiveCfg = Debug|Any CPU
		{AAF2C3AD-2105-47C4-B617-F28798CE32E0}.Debug|x86.Build.0 = Debug|Any CPU
		{AAF2C3AD-2105-47C4-B617-F28798CE32E0}.Release|Any CPU.ActiveCfg = Release|Any CPU
		{AAF2C3AD-2105-47C4-B617-F28798CE32E0}.Release|Any CPU.Build.0 = Release|Any CPU
		{AAF2C3AD-2105-47C4-B617-F28798CE32E0}.Release|x64.ActiveCfg = Release|Any CPU
		{AAF2C3AD-2105-47C4-B617-F28798CE32E0}.Release|x64.Build.0 = Release|Any CPU
		{AAF2C3AD-2105-47C4-B617-F28798CE32E0}.Release|x86.ActiveCfg = Release|Any CPU
		{AAF2C3AD-2105-47C4-B617-F28798CE32E0}.Release|x86.Build.0 = Release|Any CPU
		{4D48A18D-3BBB-4F8E-9702-433E72BEAAA7}.Debug|Any CPU.ActiveCfg = Debug|Any CPU
		{4D48A18D-3BBB-4F8E-9702-433E72BEAAA7}.Debug|Any CPU.Build.0 = Debug|Any CPU
		{4D48A18D-3BBB-4F8E-9702-433E72BEAAA7}.Debug|x64.ActiveCfg = Debug|Any CPU
		{4D48A18D-3BBB-4F8E-9702-433E72BEAAA7}.Debug|x64.Build.0 = Debug|Any CPU
		{4D48A18D-3BBB-4F8E-9702-433E72BEAAA7}.Debug|x86.ActiveCfg = Debug|Any CPU
		{4D48A18D-3BBB-4F8E-9702-433E72BEAAA7}.Debug|x86.Build.0 = Debug|Any CPU
		{4D48A18D-3BBB-4F8E-9702-433E72BEAAA7}.Release|Any CPU.ActiveCfg = Release|Any CPU
		{4D48A18D-3BBB-4F8E-9702-433E72BEAAA7}.Release|Any CPU.Build.0 = Release|Any CPU
		{4D48A18D-3BBB-4F8E-9702-433E72BEAAA7}.Release|x64.ActiveCfg = Release|Any CPU
		{4D48A18D-3BBB-4F8E-9702-433E72BEAAA7}.Release|x64.Build.0 = Release|Any CPU
		{4D48A18D-3BBB-4F8E-9702-433E72BEAAA7}.Release|x86.ActiveCfg = Release|Any CPU
		{4D48A18D-3BBB-4F8E-9702-433E72BEAAA7}.Release|x86.Build.0 = Release|Any CPU
		{0F4F814C-A3B3-498B-8E22-A7638E82D06E}.Debug|Any CPU.ActiveCfg = Debug|Any CPU
		{0F4F814C-A3B3-498B-8E22-A7638E82D06E}.Debug|Any CPU.Build.0 = Debug|Any CPU
		{0F4F814C-A3B3-498B-8E22-A7638E82D06E}.Debug|x64.ActiveCfg = Debug|Any CPU
		{0F4F814C-A3B3-498B-8E22-A7638E82D06E}.Debug|x64.Build.0 = Debug|Any CPU
		{0F4F814C-A3B3-498B-8E22-A7638E82D06E}.Debug|x86.ActiveCfg = Debug|Any CPU
		{0F4F814C-A3B3-498B-8E22-A7638E82D06E}.Debug|x86.Build.0 = Debug|Any CPU
		{0F4F814C-A3B3-498B-8E22-A7638E82D06E}.Release|Any CPU.ActiveCfg = Release|Any CPU
		{0F4F814C-A3B3-498B-8E22-A7638E82D06E}.Release|Any CPU.Build.0 = Release|Any CPU
		{0F4F814C-A3B3-498B-8E22-A7638E82D06E}.Release|x64.ActiveCfg = Release|Any CPU
		{0F4F814C-A3B3-498B-8E22-A7638E82D06E}.Release|x64.Build.0 = Release|Any CPU
		{0F4F814C-A3B3-498B-8E22-A7638E82D06E}.Release|x86.ActiveCfg = Release|Any CPU
		{0F4F814C-A3B3-498B-8E22-A7638E82D06E}.Release|x86.Build.0 = Release|Any CPU
		{5530F85D-3AFA-4B6B-9924-F0E5B9028B1A}.Debug|Any CPU.ActiveCfg = Debug|Any CPU
		{5530F85D-3AFA-4B6B-9924-F0E5B9028B1A}.Debug|Any CPU.Build.0 = Debug|Any CPU
		{5530F85D-3AFA-4B6B-9924-F0E5B9028B1A}.Debug|x64.ActiveCfg = Debug|Any CPU
		{5530F85D-3AFA-4B6B-9924-F0E5B9028B1A}.Debug|x64.Build.0 = Debug|Any CPU
		{5530F85D-3AFA-4B6B-9924-F0E5B9028B1A}.Debug|x86.ActiveCfg = Debug|Any CPU
		{5530F85D-3AFA-4B6B-9924-F0E5B9028B1A}.Debug|x86.Build.0 = Debug|Any CPU
		{5530F85D-3AFA-4B6B-9924-F0E5B9028B1A}.Release|Any CPU.ActiveCfg = Release|Any CPU
		{5530F85D-3AFA-4B6B-9924-F0E5B9028B1A}.Release|Any CPU.Build.0 = Release|Any CPU
		{5530F85D-3AFA-4B6B-9924-F0E5B9028B1A}.Release|x64.ActiveCfg = Release|Any CPU
		{5530F85D-3AFA-4B6B-9924-F0E5B9028B1A}.Release|x64.Build.0 = Release|Any CPU
		{5530F85D-3AFA-4B6B-9924-F0E5B9028B1A}.Release|x86.ActiveCfg = Release|Any CPU
		{5530F85D-3AFA-4B6B-9924-F0E5B9028B1A}.Release|x86.Build.0 = Release|Any CPU
		{6D744DE0-329D-471E-93C4-30E113E5ECA2}.Debug|Any CPU.ActiveCfg = Debug|Any CPU
		{6D744DE0-329D-471E-93C4-30E113E5ECA2}.Debug|Any CPU.Build.0 = Debug|Any CPU
		{6D744DE0-329D-471E-93C4-30E113E5ECA2}.Debug|x64.ActiveCfg = Debug|Any CPU
		{6D744DE0-329D-471E-93C4-30E113E5ECA2}.Debug|x64.Build.0 = Debug|Any CPU
		{6D744DE0-329D-471E-93C4-30E113E5ECA2}.Debug|x86.ActiveCfg = Debug|Any CPU
		{6D744DE0-329D-471E-93C4-30E113E5ECA2}.Debug|x86.Build.0 = Debug|Any CPU
		{6D744DE0-329D-471E-93C4-30E113E5ECA2}.Release|Any CPU.ActiveCfg = Release|Any CPU
		{6D744DE0-329D-471E-93C4-30E113E5ECA2}.Release|Any CPU.Build.0 = Release|Any CPU
		{6D744DE0-329D-471E-93C4-30E113E5ECA2}.Release|x64.ActiveCfg = Release|Any CPU
		{6D744DE0-329D-471E-93C4-30E113E5ECA2}.Release|x64.Build.0 = Release|Any CPU
		{6D744DE0-329D-471E-93C4-30E113E5ECA2}.Release|x86.ActiveCfg = Release|Any CPU
		{6D744DE0-329D-471E-93C4-30E113E5ECA2}.Release|x86.Build.0 = Release|Any CPU
	EndGlobalSection
	GlobalSection(SolutionProperties) = preSolution
		HideSolutionNode = FALSE
	EndGlobalSection
	GlobalSection(NestedProjects) = preSolution
		{B340B185-FB49-4C30-888E-29EB7DBB68B1} = {11AC837B-2C88-4D2C-A2B4-B99C031085CF}
		{44CA9B6B-DB26-4C4A-972A-867856811DA4} = {11AC837B-2C88-4D2C-A2B4-B99C031085CF}
		{DD67488A-E4C9-453F-B692-06EBB82B519C} = {11AC837B-2C88-4D2C-A2B4-B99C031085CF}
		{14162F37-6215-4DED-86B2-D5235A548378} = {11AC837B-2C88-4D2C-A2B4-B99C031085CF}
		{90259460-1FFE-47BB-95D1-DEBBF7DC3559} = {11AC837B-2C88-4D2C-A2B4-B99C031085CF}
		{AAF2C3AD-2105-47C4-B617-F28798CE32E0} = {D424F0B8-66C3-443B-9CD6-589317A64124}
		{4D48A18D-3BBB-4F8E-9702-433E72BEAAA7} = {11AC837B-2C88-4D2C-A2B4-B99C031085CF}
		{0F4F814C-A3B3-498B-8E22-A7638E82D06E} = {7B530211-BECA-4388-B478-8515333C2330}
		{5530F85D-3AFA-4B6B-9924-F0E5B9028B1A} = {7B530211-BECA-4388-B478-8515333C2330}
		{6D744DE0-329D-471E-93C4-30E113E5ECA2} = {11AC837B-2C88-4D2C-A2B4-B99C031085CF}
	EndGlobalSection
EndGlobal
