
Microsoft Visual Studio Solution File, Format Version 12.00
Project("{2150E333-8FDC-42A3-9474-1A3956D46DE8}") = "Server", "Server", "{11AC837B-2C88-4D2C-A2B4-B99C031085CF}"
EndProject
Project("{FAE04EC0-301F-11D3-BF4B-00C04F79EFBC}") = "Entities", "Server\Entities\Entities.csproj", "{B340B185-FB49-4C30-888E-29EB7DBB68B1}"
EndProject
Project("{FAE04EC0-301F-11D3-BF4B-00C04F79EFBC}") = "RepositoryContracts", "Server\RepositoryContracts\RepositoryContracts.csproj", "{44CA9B6B-DB26-4C4A-972A-867856811DA4}"
EndProject
Project("{FAE04EC0-301F-11D3-BF4B-00C04F79EFBC}") = "InMemoryRepositories", "Server\InMemoryRepositories\InMemoryRepositories.csproj", "{DD67488A-E4C9-453F-B692-06EBB82B519C}"
EndProject
Project("{FAE04EC0-301F-11D3-BF4B-00C04F79EFBC}") = "CLI", "Server\CLI\CLI.csproj", "{14162F37-6215-4DED-86B2-D5235A548378}"
EndProject
Project("{FAE04EC0-301F-11D3-BF4B-00C04F79EFBC}") = "FileRepositories", "Server\FileRepositories\FileRepositories.csproj", "{90259460-1FFE-47BB-95D1-DEBBF7DC3559}"
EndProject
Global
	GlobalSection(SolutionConfigurationPlatforms) = preSolution
		Debug|Any CPU = Debug|Any CPU
		Release|Any CPU = Release|Any CPU
	EndGlobalSection
	GlobalSection(NestedProjects) = preSolution
		{B340B185-FB49-4C30-888E-29EB7DBB68B1} = {11AC837B-2C88-4D2C-A2B4-B99C031085CF}
		{44CA9B6B-DB26-4C4A-972A-867856811DA4} = {11AC837B-2C88-4D2C-A2B4-B99C031085CF}
		{DD67488A-E4C9-453F-B692-06EBB82B519C} = {11AC837B-2C88-4D2C-A2B4-B99C031085CF}
		{14162F37-6215-4DED-86B2-D5235A548378} = {11AC837B-2C88-4D2C-A2B4-B99C031085CF}
	EndGlobalSection
	GlobalSection(ProjectConfigurationPlatforms) = postSolution
		{B340B185-FB49-4C30-888E-29EB7DBB68B1}.Debug|Any CPU.ActiveCfg = Debug|Any CPU
		{B340B185-FB49-4C30-888E-29EB7DBB68B1}.Debug|Any CPU.Build.0 = Debug|Any CPU
		{B340B185-FB49-4C30-888E-29EB7DBB68B1}.Release|Any CPU.ActiveCfg = Release|Any CPU
		{B340B185-FB49-4C30-888E-29EB7DBB68B1}.Release|Any CPU.Build.0 = Release|Any CPU
		{44CA9B6B-DB26-4C4A-972A-867856811DA4}.Debug|Any CPU.ActiveCfg = Debug|Any CPU
		{44CA9B6B-DB26-4C4A-972A-867856811DA4}.Debug|Any CPU.Build.0 = Debug|Any CPU
		{44CA9B6B-DB26-4C4A-972A-867856811DA4}.Release|Any CPU.ActiveCfg = Release|Any CPU
		{44CA9B6B-DB26-4C4A-972A-867856811DA4}.Release|Any CPU.Build.0 = Release|Any CPU
		{DD67488A-E4C9-453F-B692-06EBB82B519C}.Debug|Any CPU.ActiveCfg = Debug|Any CPU
		{DD67488A-E4C9-453F-B692-06EBB82B519C}.Debug|Any CPU.Build.0 = Debug|Any CPU
		{DD67488A-E4C9-453F-B692-06EBB82B519C}.Release|Any CPU.ActiveCfg = Release|Any CPU
		{DD67488A-E4C9-453F-B692-06EBB82B519C}.Release|Any CPU.Build.0 = Release|Any CPU
		{14162F37-6215-4DED-86B2-D5235A548378}.Debug|Any CPU.ActiveCfg = Debug|Any CPU
		{14162F37-6215-4DED-86B2-D5235A548378}.Debug|Any CPU.Build.0 = Debug|Any CPU
		{14162F37-6215-4DED-86B2-D5235A548378}.Release|Any CPU.ActiveCfg = Release|Any CPU
		{14162F37-6215-4DED-86B2-D5235A548378}.Release|Any CPU.Build.0 = Release|Any CPU
		{90259460-1FFE-47BB-95D1-DEBBF7DC3559}.Debug|Any CPU.ActiveCfg = Debug|Any CPU
		{90259460-1FFE-47BB-95D1-DEBBF7DC3559}.Debug|Any CPU.Build.0 = Debug|Any CPU
		{90259460-1FFE-47BB-95D1-DEBBF7DC3559}.Release|Any CPU.ActiveCfg = Release|Any CPU
		{90259460-1FFE-47BB-95D1-DEBBF7DC3559}.Release|Any CPU.Build.0 = Release|Any CPU
	EndGlobalSection
EndGlobal
